
Microsoft Visual Studio Solution File, Format Version 12.00
# Visual Studio Version 17
VisualStudioVersion = 17.8.34511.84
MinimumVisualStudioVersion = 10.0.40219.1
Project("{FAE04EC0-301F-11D3-BF4B-00C04F79EFBC}") = "DapperMovie", "DapperMovie\DapperMovie.csproj", "{07001C7F-17E5-49B3-AF52-54CD38DE613E}"
EndProject
Global
	GlobalSection(SolutionConfigurationPlatforms) = preSolution
		Debug|Any CPU = Debug|Any CPU
		Release|Any CPU = Release|Any CPU
	EndGlobalSection
	GlobalSection(ProjectConfigurationPlatforms) = postSolution
		{07001C7F-17E5-49B3-AF52-54CD38DE613E}.Debug|Any CPU.ActiveCfg = Debug|Any CPU
		{07001C7F-17E5-49B3-AF52-54CD38DE613E}.Debug|Any CPU.Build.0 = Debug|Any CPU
		{07001C7F-17E5-49B3-AF52-54CD38DE613E}.Release|Any CPU.ActiveCfg = Release|Any CPU
		{07001C7F-17E5-49B3-AF52-54CD38DE613E}.Release|Any CPU.Build.0 = Release|Any CPU
	EndGlobalSection
	GlobalSection(SolutionProperties) = preSolution
		HideSolutionNode = FALSE
	EndGlobalSection
	GlobalSection(ExtensibilityGlobals) = postSolution
		SolutionGuid = {95AE6D87-CAE8-4F06-BFDA-8BA74FCF80E3}
	EndGlobalSection
EndGlobal
